{
	"name": "@dash4/plugin-npm-scripts",
	"version": "0.1.0",
	"lockfileVersion": 1,
	"requires": true,
	"dependencies": {
		"@babel/runtime": {
			"version": "7.3.4",
			"resolved": "https://registry.npmjs.org/@babel/runtime/-/runtime-7.3.4.tgz",
			"integrity": "sha512-IvfvnMdSaLBateu0jfsYIpZTxAc2cKEXEMiezGGN75QcBcecDUKd3PgLAncT0oOgxKy8dd8hrJKj9MfzgfZd6g==",
			"dev": true,
			"requires": {
				"regenerator-runtime": "0.12.1"
			}
		},
		"@react-bootstrap/react-popper": {
			"version": "1.2.1",
			"resolved": "https://registry.npmjs.org/@react-bootstrap/react-popper/-/react-popper-1.2.1.tgz",
			"integrity": "sha512-4l3q7LcZEhrSkI4d3Ie3g4CdrXqqTexXX4PFT45CB0z5z2JUbaxgRwKNq7r5j2bLdVpZm+uvUGqxJw8d9vgbJQ==",
			"dev": true,
			"requires": {
				"babel-runtime": "6.26.0",
				"create-react-context": "0.2.3",
				"popper.js": "1.14.7",
				"prop-types": "15.7.2",
				"typed-styles": "0.0.5",
				"warning": "3.0.0"
			},
			"dependencies": {
				"warning": {
					"version": "3.0.0",
					"resolved": "https://registry.npmjs.org/warning/-/warning-3.0.0.tgz",
					"integrity": "sha1-MuU3fLVy3kqwR1O9+IIcAe1gW3w=",
					"dev": true,
					"requires": {
						"loose-envify": "1.4.0"
					}
				}
			}
		},
		"@types/core-js": {
			"version": "2.5.0",
			"resolved": "https://registry.npmjs.org/@types/core-js/-/core-js-2.5.0.tgz",
			"integrity": "sha512-qjkHL3wF0JMHMqgm/kmL8Pf8rIiqvueEiZ0g6NVTcBX1WN46GWDr+V5z+gsHUeL0n8TfAmXnYmF7ajsxmBp4PQ==",
			"dev": true
		},
		"@types/node": {
			"version": "11.10.4",
			"resolved": "https://registry.npmjs.org/@types/node/-/node-11.10.4.tgz",
			"integrity": "sha512-wa09itaLE8L705aXd8F80jnFpxz3Y1/KRHfKsYL2bPc0XF+wEWu8sR9n5bmeu8Ba1N9z2GRNzm/YdHcghLkLKg==",
			"dev": true
		},
		"@types/prop-types": {
			"version": "15.7.0",
			"resolved": "https://registry.npmjs.org/@types/prop-types/-/prop-types-15.7.0.tgz",
			"integrity": "sha512-eItQyV43bj4rR3JPV0Skpl1SncRCdziTEK9/v8VwXmV6d/qOUO8/EuWeHBbCZcsfSHfzI5UyMJLCSXtxxznyZg==",
			"dev": true
		},
		"@types/react": {
			"version": "16.8.6",
			"resolved": "https://registry.npmjs.org/@types/react/-/react-16.8.6.tgz",
			"integrity": "sha512-bN9qDjEMltmHrl0PZRI4IF2AbB7V5UlRfG+OOduckVnRQ4VzXVSzy/1eLAh778IEqhTnW0mmgL9yShfinNverA==",
			"dev": true,
			"requires": {
				"@types/prop-types": "15.7.0",
				"csstype": "2.6.3"
			}
		},
		"@types/react-dom": {
			"version": "16.8.2",
			"resolved": "https://registry.npmjs.org/@types/react-dom/-/react-dom-16.8.2.tgz",
			"integrity": "sha512-MX7n1wq3G/De15RGAAqnmidzhr2Y9O/ClxPxyqaNg96pGyeXUYPSvujgzEVpLo9oIP4Wn1UETl+rxTN02KEpBw==",
			"dev": true,
			"requires": {
				"@types/react": "16.8.6"
			}
		},
		"ansi-regex": {
			"version": "2.1.1",
			"resolved": "https://registry.npmjs.org/ansi-regex/-/ansi-regex-2.1.1.tgz",
			"integrity": "sha1-w7M6te42DYbg5ijwRorn7yfWVN8=",
			"dev": true
		},
		"ansi-styles": {
			"version": "3.2.1",
			"resolved": "https://registry.npmjs.org/ansi-styles/-/ansi-styles-3.2.1.tgz",
			"integrity": "sha512-VT0ZI6kZRdTh8YyJw3SMbYm/u+NqfsAxEpWO0Pf9sq8/e94WxxOpPKx9FR1FlyCtOVDNOQ+8ntlqFxiRc+r5qA==",
			"dev": true,
			"requires": {
				"color-convert": "1.9.3"
			}
		},
		"asap": {
			"version": "2.0.6",
			"resolved": "https://registry.npmjs.org/asap/-/asap-2.0.6.tgz",
			"integrity": "sha1-5QNHYR1+aQlDIIu9r+vLwvuGbUY=",
			"dev": true
		},
		"babel-runtime": {
			"version": "6.26.0",
			"resolved": "https://registry.npmjs.org/babel-runtime/-/babel-runtime-6.26.0.tgz",
			"integrity": "sha1-llxwWGaOgrVde/4E/yM3vItWR/4=",
			"dev": true,
			"requires": {
				"core-js": "2.6.5",
				"regenerator-runtime": "0.11.1"
			},
			"dependencies": {
				"regenerator-runtime": {
					"version": "0.11.1",
					"resolved": "https://registry.npmjs.org/regenerator-runtime/-/regenerator-runtime-0.11.1.tgz",
					"integrity": "sha512-MguG95oij0fC3QV3URf4V2SDYGJhJnJGqvIIgdECeODCT98wSWDAJ94SSuVpYQUoTcGUIL6L4yNB7j1DFFHSBg==",
					"dev": true
				}
			}
		},
		"chalk": {
			"version": "2.4.2",
			"resolved": "https://registry.npmjs.org/chalk/-/chalk-2.4.2.tgz",
			"integrity": "sha512-Mti+f9lpJNcwF4tWV8/OrTTtF1gZi+f8FqlyAdouralcFWFQWF2+NgCHShjkCb+IFBLq9buZwE1xckQU4peSuQ==",
			"dev": true,
			"requires": {
				"ansi-styles": "3.2.1",
				"escape-string-regexp": "1.0.5",
				"supports-color": "5.5.0"
			}
		},
		"classnames": {
			"version": "2.2.6",
			"resolved": "https://registry.npmjs.org/classnames/-/classnames-2.2.6.tgz",
			"integrity": "sha512-JR/iSQOSt+LQIWwrwEzJ9uk0xfN3mTVYMwt1Ir5mUcSN6pU+V4zQFFaJsclJbPuAUQH+yfWef6tm7l1quW3C8Q==",
			"dev": true
		},
		"cli-cursor": {
			"version": "2.1.0",
			"resolved": "https://registry.npmjs.org/cli-cursor/-/cli-cursor-2.1.0.tgz",
			"integrity": "sha1-s12sN2R5+sw+lHR9QdDQ9SOP/LU=",
			"dev": true,
			"requires": {
				"restore-cursor": "2.0.0"
			}
		},
		"cli-spinners": {
			"version": "1.3.1",
			"resolved": "https://registry.npmjs.org/cli-spinners/-/cli-spinners-1.3.1.tgz",
			"integrity": "sha512-1QL4544moEsDVH9T/l6Cemov/37iv1RtoKf7NJ04A60+4MREXNfx/QvavbH6QoGdsD4N4Mwy49cmaINR/o2mdg==",
			"dev": true
		},
		"clone": {
			"version": "1.0.4",
			"resolved": "https://registry.npmjs.org/clone/-/clone-1.0.4.tgz",
			"integrity": "sha1-2jCcwmPfFZlMaIypAheco8fNfH4=",
			"dev": true
		},
		"color-convert": {
			"version": "1.9.3",
			"resolved": "https://registry.npmjs.org/color-convert/-/color-convert-1.9.3.tgz",
			"integrity": "sha512-QfAUtd+vFdAtFQcC8CCyYt1fYWxSqAiK2cSD6zDB8N3cpsEBAvRxp9zOGg6G/SHHJYAT88/az/IuDGALsNVbGg==",
			"dev": true,
			"requires": {
				"color-name": "1.1.3"
			}
		},
		"color-name": {
			"version": "1.1.3",
			"resolved": "https://registry.npmjs.org/color-name/-/color-name-1.1.3.tgz",
			"integrity": "sha1-p9BVi9icQveV3UIyj3QIMcpTvCU=",
			"dev": true
		},
		"columnify": {
			"version": "1.5.4",
			"resolved": "https://registry.npmjs.org/columnify/-/columnify-1.5.4.tgz",
			"integrity": "sha1-Rzfd8ce2mop8NAVweC6UfuyOeLs=",
			"dev": true,
			"requires": {
				"strip-ansi": "3.0.1",
				"wcwidth": "1.0.1"
			}
		},
		"core-js": {
			"version": "2.6.5",
			"resolved": "https://registry.npmjs.org/core-js/-/core-js-2.6.5.tgz",
			"integrity": "sha512-klh/kDpwX8hryYL14M9w/xei6vrv6sE8gTHDG7/T/+SEovB/G4ejwcfE/CBzO6Edsu+OETZMZ3wcX/EjUkrl5A==",
			"dev": true
		},
		"create-react-context": {
			"version": "0.2.3",
			"resolved": "https://registry.npmjs.org/create-react-context/-/create-react-context-0.2.3.tgz",
			"integrity": "sha512-CQBmD0+QGgTaxDL3OX1IDXYqjkp2It4RIbcb99jS6AEg27Ga+a9G3JtK6SIu0HBwPLZlmwt9F7UwWA4Bn92Rag==",
			"dev": true,
			"requires": {
				"fbjs": "0.8.17",
				"gud": "1.0.0"
			}
		},
		"css-vendor": {
			"version": "1.2.1",
			"resolved": "https://registry.npmjs.org/css-vendor/-/css-vendor-1.2.1.tgz",
			"integrity": "sha512-ZpwiWxn5jWNJ7NF3DAb/Dc/+c2lRu+fnovej/adCv3VJsULJSjdXEpUwRcq4fnpAAh98Hi7b0GDnlyoNFcdv1g==",
			"dev": true,
			"requires": {
				"@babel/runtime": "7.3.4",
				"is-in-browser": "1.1.3"
			}
		},
		"csstype": {
			"version": "2.6.3",
			"resolved": "https://registry.npmjs.org/csstype/-/csstype-2.6.3.tgz",
			"integrity": "sha512-rINUZXOkcBmoHWEyu7JdHu5JMzkGRoMX4ov9830WNgxf5UYxcBUO0QTKAqeJ5EZfSdlrcJYkC8WwfVW7JYi4yg==",
			"dev": true
		},
		"defaults": {
			"version": "1.0.3",
			"resolved": "https://registry.npmjs.org/defaults/-/defaults-1.0.3.tgz",
			"integrity": "sha1-xlYFHpgX2f8I7YgUd/P+QBnz730=",
			"dev": true,
			"requires": {
				"clone": "1.0.4"
			}
		},
		"dom-helpers": {
			"version": "3.4.0",
			"resolved": "https://registry.npmjs.org/dom-helpers/-/dom-helpers-3.4.0.tgz",
			"integrity": "sha512-LnuPJ+dwqKDIyotW1VzmOZ5TONUN7CwkCR5hrgawTUbkBGYdeoNLZo6nNfGkCrjtE1nXXaj7iMMpDa8/d9WoIA==",
			"dev": true,
			"requires": {
				"@babel/runtime": "7.3.4"
			}
		},
		"encoding": {
			"version": "0.1.12",
			"resolved": "https://registry.npmjs.org/encoding/-/encoding-0.1.12.tgz",
			"integrity": "sha1-U4tm8+5izRq1HsMjgp0flIDHS+s=",
			"dev": true,
			"requires": {
				"iconv-lite": "0.4.24"
			}
		},
		"escape-string-regexp": {
			"version": "1.0.5",
			"resolved": "https://registry.npmjs.org/escape-string-regexp/-/escape-string-regexp-1.0.5.tgz",
			"integrity": "sha1-G2HAViGQqN/2rjuyzwIAyhMLhtQ=",
			"dev": true
		},
		"fbjs": {
			"version": "0.8.17",
			"resolved": "https://registry.npmjs.org/fbjs/-/fbjs-0.8.17.tgz",
			"integrity": "sha1-xNWY6taUkRJlPWWIsBpc3Nn5D90=",
			"dev": true,
			"requires": {
				"core-js": "1.2.7",
				"isomorphic-fetch": "2.2.1",
				"loose-envify": "1.4.0",
				"object-assign": "4.1.1",
				"promise": "7.3.1",
				"setimmediate": "1.0.5",
				"ua-parser-js": "0.7.19"
			},
			"dependencies": {
				"core-js": {
					"version": "1.2.7",
					"resolved": "https://registry.npmjs.org/core-js/-/core-js-1.2.7.tgz",
					"integrity": "sha1-ZSKUwUZR2yj6k70tX/KYOk8IxjY=",
					"dev": true
				}
			}
		},
		"gud": {
			"version": "1.0.0",
			"resolved": "https://registry.npmjs.org/gud/-/gud-1.0.0.tgz",
			"integrity": "sha512-zGEOVKFM5sVPPrYs7J5/hYEw2Pof8KCyOwyhG8sAF26mCAeUFAcYPu1mwB7hhpIP29zOIBaDqwuHdLp0jvZXjw==",
			"dev": true
		},
		"has-flag": {
			"version": "3.0.0",
			"resolved": "https://registry.npmjs.org/has-flag/-/has-flag-3.0.0.tgz",
			"integrity": "sha1-tdRU3CGZriJWmfNGfloH87lVuv0=",
			"dev": true
		},
		"hoist-non-react-statics": {
			"version": "3.3.0",
			"resolved": "https://registry.npmjs.org/hoist-non-react-statics/-/hoist-non-react-statics-3.3.0.tgz",
			"integrity": "sha512-0XsbTXxgiaCDYDIWFcwkmerZPSwywfUqYmwT4jzewKTQSWoE6FCMoUVOeBJWK3E/CrWbxRG3m5GzY4lnIwGRBA==",
			"dev": true,
			"requires": {
				"react-is": "16.8.4"
			}
		},
		"hyphenate-style-name": {
			"version": "1.0.3",
			"resolved": "https://registry.npmjs.org/hyphenate-style-name/-/hyphenate-style-name-1.0.3.tgz",
			"integrity": "sha512-EcuixamT82oplpoJ2XU4pDtKGWQ7b00CD9f1ug9IaQ3p1bkHMiKCZ9ut9QDI6qsa6cpUuB+A/I+zLtdNK4n2DQ==",
			"dev": true
		},
		"iconv-lite": {
			"version": "0.4.24",
			"resolved": "https://registry.npmjs.org/iconv-lite/-/iconv-lite-0.4.24.tgz",
			"integrity": "sha512-v3MXnZAcvnywkTUEZomIActle7RXXeedOR31wwl7VlyoXO4Qi9arvSenNQWne1TcRwhCL1HwLI21bEqdpj8/rA==",
			"dev": true,
			"requires": {
				"safer-buffer": "2.1.2"
			}
		},
		"invariant": {
			"version": "2.2.4",
			"resolved": "https://registry.npmjs.org/invariant/-/invariant-2.2.4.tgz",
			"integrity": "sha512-phJfQVBuaJM5raOpJjSfkiD6BpbCE4Ns//LaXl6wGYtUBY83nWS6Rf9tXm2e8VaK60JEjYldbPif/A2B1C2gNA==",
			"dev": true,
			"requires": {
				"loose-envify": "1.4.0"
			}
		},
		"is-in-browser": {
			"version": "1.1.3",
			"resolved": "https://registry.npmjs.org/is-in-browser/-/is-in-browser-1.1.3.tgz",
			"integrity": "sha1-Vv9NtoOgeMYILrldrX3GLh0E+DU=",
			"dev": true
		},
		"is-stream": {
			"version": "1.1.0",
			"resolved": "https://registry.npmjs.org/is-stream/-/is-stream-1.1.0.tgz",
			"integrity": "sha1-EtSj3U5o4Lec6428hBc66A2RykQ=",
			"dev": true
		},
		"isomorphic-fetch": {
			"version": "2.2.1",
			"resolved": "https://registry.npmjs.org/isomorphic-fetch/-/isomorphic-fetch-2.2.1.tgz",
			"integrity": "sha1-YRrhrPFPXoH3KVB0coGf6XM1WKk=",
			"dev": true,
			"requires": {
				"node-fetch": "1.7.3",
				"whatwg-fetch": "3.0.0"
			}
		},
		"js-tokens": {
			"version": "4.0.0",
			"resolved": "https://registry.npmjs.org/js-tokens/-/js-tokens-4.0.0.tgz",
			"integrity": "sha512-RdJUflcE3cUzKiMqQgsCu06FPu9UdIJO0beYbPhHN4k6apgJtifcoCtT9bcxOpYBtpD2kCM6Sbzg4CausW/PKQ==",
			"dev": true
		},
		"jss": {
			"version": "10.0.0-alpha.10",
			"resolved": "https://registry.npmjs.org/jss/-/jss-10.0.0-alpha.10.tgz",
			"integrity": "sha512-kuFDO9taDpVUbfksLjz9HbMLYeM4WbNqIPajihP+hR8IJma9bMgpCQTuXDW2WM+8f5sqtnojWzc/26ZkSo70mw==",
			"dev": true,
			"requires": {
				"@babel/runtime": "7.3.4",
				"is-in-browser": "1.1.3",
				"tiny-warning": "1.0.2"
			}
		},
		"jss-plugin-camel-case": {
			"version": "10.0.0-alpha.10",
			"resolved": "https://registry.npmjs.org/jss-plugin-camel-case/-/jss-plugin-camel-case-10.0.0-alpha.10.tgz",
			"integrity": "sha512-6Ed6qCTBn1dmMG1rqpIltL85NXRJ4uXtaT7cajK61szva7KTgm5kQUSln84NCy2Wx8peV2aWYoEQc77gxJEWgA==",
			"dev": true,
			"requires": {
				"@babel/runtime": "7.3.4",
				"hyphenate-style-name": "1.0.3",
				"jss": "10.0.0-alpha.10"
			}
		},
		"jss-plugin-compose": {
			"version": "10.0.0-alpha.10",
			"resolved": "https://registry.npmjs.org/jss-plugin-compose/-/jss-plugin-compose-10.0.0-alpha.10.tgz",
			"integrity": "sha512-/9jP0IcPxo9Qgcc8nWWNdwaiVPTWL3M9OeX2hYAZ/ln88hDhkwuWybX/VpiEqjwgNLm6rWEY9lJokD/MKazwVw==",
			"dev": true,
			"requires": {
				"@babel/runtime": "7.3.4",
				"jss": "10.0.0-alpha.10",
				"tiny-warning": "1.0.2"
			}
		},
		"jss-plugin-default-unit": {
			"version": "10.0.0-alpha.10",
			"resolved": "https://registry.npmjs.org/jss-plugin-default-unit/-/jss-plugin-default-unit-10.0.0-alpha.10.tgz",
			"integrity": "sha512-QFz1C2L+si06/ba29AnqobluL5dUhs74bYIEU4A+IhhA4DDQFiLHlzs42U5pmF2iG2rSsMBBNLYHXDtx77JYyw==",
			"dev": true,
			"requires": {
				"@babel/runtime": "7.3.4",
				"jss": "10.0.0-alpha.10"
			}
		},
		"jss-plugin-expand": {
			"version": "10.0.0-alpha.10",
			"resolved": "https://registry.npmjs.org/jss-plugin-expand/-/jss-plugin-expand-10.0.0-alpha.10.tgz",
			"integrity": "sha512-jr4iW4yjq9yFDtkGCko0qg1Jj25Zc6xkgW/QiieI9ywNq3TOroVMl+jFhITj3kLlfr7VfxhLpx+zL6tjVSvXeA==",
			"dev": true,
			"requires": {
				"@babel/runtime": "7.3.4",
				"jss": "10.0.0-alpha.10"
			}
		},
		"jss-plugin-extend": {
			"version": "10.0.0-alpha.10",
			"resolved": "https://registry.npmjs.org/jss-plugin-extend/-/jss-plugin-extend-10.0.0-alpha.10.tgz",
			"integrity": "sha512-27x4cOddzurx5HawmGr4qqjPQGuhILco2wmYX/igt07HchYC978qJdrqM+4InBEFsUqaupsWt1nYY/NkDUhVPg==",
			"dev": true,
			"requires": {
				"@babel/runtime": "7.3.4",
				"jss": "10.0.0-alpha.10",
				"tiny-warning": "1.0.2"
			}
		},
		"jss-plugin-global": {
			"version": "10.0.0-alpha.10",
			"resolved": "https://registry.npmjs.org/jss-plugin-global/-/jss-plugin-global-10.0.0-alpha.10.tgz",
			"integrity": "sha512-1CFZ5Jglb/nAK3qr+RGrsKNm3toFWj/vfM4oQPyDWnyt/pSKXzsaLfCYKcpUtPyY+53ORWdLAJUHRuMUGydJmg==",
			"dev": true,
			"requires": {
				"@babel/runtime": "7.3.4",
				"jss": "10.0.0-alpha.10"
			}
		},
		"jss-plugin-nested": {
			"version": "10.0.0-alpha.10",
			"resolved": "https://registry.npmjs.org/jss-plugin-nested/-/jss-plugin-nested-10.0.0-alpha.10.tgz",
			"integrity": "sha512-/8EXPacWb8PCsUGag8MdSVOWrpa31M5JoBWgZs7FSvtRmCF1i/+DI0ACeyfN9gejaJZwhU3wrNvKdiHZcPC3Iw==",
			"dev": true,
			"requires": {
				"@babel/runtime": "7.3.4",
				"jss": "10.0.0-alpha.10",
				"tiny-warning": "1.0.2"
			}
		},
		"jss-plugin-props-sort": {
			"version": "10.0.0-alpha.10",
			"resolved": "https://registry.npmjs.org/jss-plugin-props-sort/-/jss-plugin-props-sort-10.0.0-alpha.10.tgz",
			"integrity": "sha512-O22gf6qeXRtv2+W5LRXtfE078EUXolYxJpkpB+xon6FDjX4zErmzExOlDorcZHyBr/VR15DTPJn0Bc/3ok7I6Q==",
			"dev": true,
			"requires": {
				"@babel/runtime": "7.3.4",
				"jss": "10.0.0-alpha.10"
			}
		},
		"jss-plugin-rule-value-function": {
			"version": "10.0.0-alpha.10",
			"resolved": "https://registry.npmjs.org/jss-plugin-rule-value-function/-/jss-plugin-rule-value-function-10.0.0-alpha.10.tgz",
			"integrity": "sha512-YkHM1tk4UkWQDJ/hJ8t3yeITTBSK1SrOZ6vVtRYdS1anHNccOqIBz//sE6z6UwJf6+rX2xBdcXiXYVgcK4jPMg==",
			"dev": true,
			"requires": {
				"@babel/runtime": "7.3.4",
				"jss": "10.0.0-alpha.10"
			}
		},
		"jss-plugin-rule-value-observable": {
			"version": "10.0.0-alpha.10",
			"resolved": "https://registry.npmjs.org/jss-plugin-rule-value-observable/-/jss-plugin-rule-value-observable-10.0.0-alpha.10.tgz",
			"integrity": "sha512-SYEsFxydAExU4M8MYm/uqG35RYXsKSXxAA4dLBj7e3ouVOG8nkslZPmhUYdKZE58Re1XtmtJWpdaeBlTHZEn9g==",
			"dev": true,
			"requires": {
				"@babel/runtime": "7.3.4",
				"jss": "10.0.0-alpha.10",
				"symbol-observable": "1.2.0"
			}
		},
		"jss-plugin-template": {
			"version": "10.0.0-alpha.10",
			"resolved": "https://registry.npmjs.org/jss-plugin-template/-/jss-plugin-template-10.0.0-alpha.10.tgz",
			"integrity": "sha512-Fxl8NuPyfoFVWSbhW/S0M4pTM5hmcLMjrMjT/QIIQXmA6Dhf7a8NzoAMg5QByWk0ZeuWqw8sLWlRxu6CmqzUyA==",
			"dev": true,
			"requires": {
				"@babel/runtime": "7.3.4",
				"jss": "10.0.0-alpha.10",
				"tiny-warning": "1.0.2"
			}
		},
		"jss-plugin-vendor-prefixer": {
			"version": "10.0.0-alpha.10",
			"resolved": "https://registry.npmjs.org/jss-plugin-vendor-prefixer/-/jss-plugin-vendor-prefixer-10.0.0-alpha.10.tgz",
			"integrity": "sha512-Tf3vyf73kXkVNxrd5DyexwQmrX4ArPbsQq1KwltLX9HZCT14K5I32pJ4KpQ5lRkR1I90MojdFiEojkZABWKXBg==",
			"dev": true,
			"requires": {
				"@babel/runtime": "7.3.4",
				"css-vendor": "1.2.1",
				"jss": "10.0.0-alpha.10"
			}
		},
		"jss-preset-default": {
			"version": "10.0.0-alpha.10",
			"resolved": "https://registry.npmjs.org/jss-preset-default/-/jss-preset-default-10.0.0-alpha.10.tgz",
			"integrity": "sha512-4b1luAaVbmr8kNzV7a9WjS7wfgdd2aIAWBMyUBPGBnWGlv7GTyN+0TPiq3XPoiA0bqzeSsSeN0q+SNXuz/a6QA==",
			"dev": true,
			"requires": {
				"@babel/runtime": "7.3.4",
				"jss": "10.0.0-alpha.10",
				"jss-plugin-camel-case": "10.0.0-alpha.10",
				"jss-plugin-compose": "10.0.0-alpha.10",
				"jss-plugin-default-unit": "10.0.0-alpha.10",
				"jss-plugin-expand": "10.0.0-alpha.10",
				"jss-plugin-extend": "10.0.0-alpha.10",
				"jss-plugin-global": "10.0.0-alpha.10",
				"jss-plugin-nested": "10.0.0-alpha.10",
				"jss-plugin-props-sort": "10.0.0-alpha.10",
				"jss-plugin-rule-value-function": "10.0.0-alpha.10",
				"jss-plugin-rule-value-observable": "10.0.0-alpha.10",
				"jss-plugin-template": "10.0.0-alpha.10",
				"jss-plugin-vendor-prefixer": "10.0.0-alpha.10"
			}
		},
		"keycode": {
			"version": "2.2.0",
			"resolved": "https://registry.npmjs.org/keycode/-/keycode-2.2.0.tgz",
			"integrity": "sha1-PQr1bce4uOXLqNCpfxByBO7CKwQ=",
			"dev": true
		},
		"log-symbols": {
			"version": "2.2.0",
			"resolved": "https://registry.npmjs.org/log-symbols/-/log-symbols-2.2.0.tgz",
			"integrity": "sha512-VeIAFslyIerEJLXHziedo2basKbMKtTw3vfn5IzG0XTjhAVEJyNHnL2p7vc+wBDSdQuUpNw3M2u6xb9QsAY5Eg==",
			"dev": true,
			"requires": {
				"chalk": "2.4.2"
			}
		},
		"loose-envify": {
			"version": "1.4.0",
			"resolved": "https://registry.npmjs.org/loose-envify/-/loose-envify-1.4.0.tgz",
			"integrity": "sha512-lyuxPGr/Wfhrlem2CL/UcnUc1zcqKAImBDzukY7Y5F/yQiNdko6+fRLevlw1HgMySw7f611UIY408EtxRSoK3Q==",
			"dev": true,
			"requires": {
				"js-tokens": "4.0.0"
			}
		},
		"mimic-fn": {
			"version": "1.2.0",
			"resolved": "https://registry.npmjs.org/mimic-fn/-/mimic-fn-1.2.0.tgz",
			"integrity": "sha512-jf84uxzwiuiIVKiOLpfYk7N46TSy8ubTonmneY9vrpHNAnp0QBt2BxWV9dO3/j+BoVAb+a5G6YDPW3M5HOdMWQ==",
			"dev": true
		},
		"nan": {
			"version": "2.12.1",
			"resolved": "https://registry.npmjs.org/nan/-/nan-2.12.1.tgz",
			"integrity": "sha512-JY7V6lRkStKcKTvHO5NVSQRv+RV+FIL5pvDoLiAtSL9pKlC5x9PKQcZDsq7m4FO4d57mkhC6Z+QhAh3Jdk5JFw=="
		},
		"node-fetch": {
			"version": "1.7.3",
			"resolved": "https://registry.npmjs.org/node-fetch/-/node-fetch-1.7.3.tgz",
			"integrity": "sha512-NhZ4CsKx7cYm2vSrBAr2PvFOe6sWDf0UYLRqA6svUYg7+/TSfVAu49jYC4BvQ4Sms9SZgdqGBgroqfDhJdTyKQ==",
			"dev": true,
			"requires": {
				"encoding": "0.1.12",
				"is-stream": "1.1.0"
			}
		},
		"node-pty": {
			"version": "0.8.1",
			"resolved": "https://registry.npmjs.org/node-pty/-/node-pty-0.8.1.tgz",
			"integrity": "sha512-j+/g0Q5dR+vkELclpJpz32HcS3O/3EdPSGPvDXJZVJQLCvgG0toEbfmymxAEyQyZEpaoKHAcoL+PvKM+4N9nlw==",
			"requires": {
				"nan": "2.12.1"
			}
		},
		"object-assign": {
			"version": "4.1.1",
			"resolved": "https://registry.npmjs.org/object-assign/-/object-assign-4.1.1.tgz",
			"integrity": "sha1-IQmtx5ZYh8/AXLvUQsrIv7s2CGM=",
			"dev": true
		},
		"onetime": {
			"version": "2.0.1",
			"resolved": "https://registry.npmjs.org/onetime/-/onetime-2.0.1.tgz",
			"integrity": "sha1-BnQoIw/WdEOyeUsiu6UotoZ5YtQ=",
			"dev": true,
			"requires": {
				"mimic-fn": "1.2.0"
			}
		},
		"ora": {
			"version": "3.1.0",
			"resolved": "https://registry.npmjs.org/ora/-/ora-3.1.0.tgz",
			"integrity": "sha512-vRBPaNCclUi8pUxRF/G8+5qEQkc6EgzKK1G2ZNJUIGu088Un5qIxFXeDgymvPRM9nmrcUOGzQgS1Vmtz+NtlMw==",
			"dev": true,
			"requires": {
				"chalk": "2.4.2",
				"cli-cursor": "2.1.0",
				"cli-spinners": "1.3.1",
				"log-symbols": "2.2.0",
				"strip-ansi": "5.1.0",
				"wcwidth": "1.0.1"
			},
			"dependencies": {
				"ansi-regex": {
					"version": "4.1.0",
					"resolved": "https://registry.npmjs.org/ansi-regex/-/ansi-regex-4.1.0.tgz",
					"integrity": "sha512-1apePfXM1UOSqw0o9IiFAovVz9M5S1Dg+4TrDwfMewQ6p/rmMueb7tWZjQ1rx4Loy1ArBggoqGpfqqdI4rondg==",
					"dev": true
				},
				"strip-ansi": {
					"version": "5.1.0",
					"resolved": "https://registry.npmjs.org/strip-ansi/-/strip-ansi-5.1.0.tgz",
					"integrity": "sha512-TjxrkPONqO2Z8QDCpeE2j6n0M6EwxzyDgzEeGp+FbdvaJAt//ClYi6W5my+3ROlC/hZX2KACUwDfK49Ka5eDvg==",
					"dev": true,
					"requires": {
						"ansi-regex": "4.1.0"
					}
				}
			}
		},
		"os": {
			"version": "0.1.1",
			"resolved": "https://registry.npmjs.org/os/-/os-0.1.1.tgz",
			"integrity": "sha1-IIhF6J4ZOtTZcUdLk5R3NqVtE/M="
		},
		"popper.js": {
			"version": "1.14.7",
			"resolved": "https://registry.npmjs.org/popper.js/-/popper.js-1.14.7.tgz",
			"integrity": "sha512-4q1hNvoUre/8srWsH7hnoSJ5xVmIL4qgz+s4qf2TnJIMyZFUFMGH+9vE7mXynAlHSZ/NdTmmow86muD0myUkVQ==",
			"dev": true
		},
		"promise": {
			"version": "7.3.1",
			"resolved": "https://registry.npmjs.org/promise/-/promise-7.3.1.tgz",
			"integrity": "sha512-nolQXZ/4L+bP/UGlkfaIujX9BKxGwmQ9OT4mOt5yvy8iK1h3wqTEJCijzGANTCCl9nWjY41juyAn2K3Q1hLLTg==",
			"dev": true,
			"requires": {
				"asap": "2.0.6"
			}
		},
		"prop-types": {
			"version": "15.7.2",
			"resolved": "https://registry.npmjs.org/prop-types/-/prop-types-15.7.2.tgz",
			"integrity": "sha512-8QQikdH7//R2vurIJSutZ1smHYTcLpRWEOlHnzcWHmBYrOGUysKwSsrC89BCiFj3CbrfJ/nXFdJepOVrY1GCHQ==",
			"dev": true,
			"requires": {
				"loose-envify": "1.4.0",
				"object-assign": "4.1.1",
				"react-is": "16.8.4"
			}
		},
		"prop-types-extra": {
			"version": "1.1.0",
			"resolved": "https://registry.npmjs.org/prop-types-extra/-/prop-types-extra-1.1.0.tgz",
			"integrity": "sha512-QFyuDxvMipmIVKD2TwxLVPzMnO4e5oOf1vr3tJIomL8E7d0lr6phTHd5nkPhFIzTD1idBLLEPeylL9g+rrTzRg==",
			"dev": true,
			"requires": {
				"react-is": "16.8.4",
				"warning": "3.0.0"
			},
			"dependencies": {
				"warning": {
					"version": "3.0.0",
					"resolved": "https://registry.npmjs.org/warning/-/warning-3.0.0.tgz",
					"integrity": "sha1-MuU3fLVy3kqwR1O9+IIcAe1gW3w=",
					"dev": true,
					"requires": {
						"loose-envify": "1.4.0"
					}
				}
			}
		},
		"react": {
			"version": "16.8.3",
			"resolved": "https://registry.npmjs.org/react/-/react-16.8.3.tgz",
			"integrity": "sha512-3UoSIsEq8yTJuSu0luO1QQWYbgGEILm+eJl2QN/VLDi7hL+EN18M3q3oVZwmVzzBJ3DkM7RMdRwBmZZ+b4IzSA==",
			"dev": true,
			"requires": {
				"loose-envify": "1.4.0",
				"object-assign": "4.1.1",
				"prop-types": "15.7.2",
				"scheduler": "0.13.4"
			}
		},
		"react-bootstrap": {
			"version": "1.0.0-beta.5",
			"resolved": "https://registry.npmjs.org/react-bootstrap/-/react-bootstrap-1.0.0-beta.5.tgz",
			"integrity": "sha512-Osm0OtTbYwfsT1rpu88ESWuAHZxfaHFNKFiW8w3w+6YY9/bLEPHbGRZA6W21fg5yvcuKN9hJKT857TTHgY7SoQ==",
			"dev": true,
			"requires": {
				"@babel/runtime": "7.3.4",
				"@react-bootstrap/react-popper": "1.2.1",
				"classnames": "2.2.6",
				"dom-helpers": "3.4.0",
				"invariant": "2.2.4",
				"keycode": "2.2.0",
				"popper.js": "1.14.7",
				"prop-types": "15.7.2",
				"prop-types-extra": "1.1.0",
				"react-context-toolbox": "2.0.2",
				"react-overlays": "1.2.0",
				"react-prop-types": "0.4.0",
				"react-transition-group": "2.6.1",
				"uncontrollable": "6.1.0",
				"warning": "4.0.3"
			}
		},
		"react-context-toolbox": {
			"version": "2.0.2",
			"resolved": "https://registry.npmjs.org/react-context-toolbox/-/react-context-toolbox-2.0.2.tgz",
			"integrity": "sha512-tY4j0imkYC3n5ZlYSgFkaw7fmlCp3IoQQ6DxpqeNHzcD0hf+6V+/HeJxviLUZ1Rv1Yn3N3xyO2EhkkZwHn0m1A==",
			"dev": true
		},
		"react-display-name": {
			"version": "0.2.4",
			"resolved": "https://registry.npmjs.org/react-display-name/-/react-display-name-0.2.4.tgz",
			"integrity": "sha512-zvU6iouW+SWwHTyThwxGICjJYCMZFk/6r/+jmOdC7ntQoPlS/Pqb81MkxaMf2bHTSq9TN3K3zX2/ayMW/jCtyA==",
			"dev": true
		},
		"react-dom": {
			"version": "16.8.3",
			"resolved": "https://registry.npmjs.org/react-dom/-/react-dom-16.8.3.tgz",
			"integrity": "sha512-ttMem9yJL4/lpItZAQ2NTFAbV7frotHk5DZEHXUOws2rMmrsvh1Na7ThGT0dTzUIl6pqTOi5tYREfL8AEna3lA==",
			"dev": true,
			"requires": {
				"loose-envify": "1.4.0",
				"object-assign": "4.1.1",
				"prop-types": "15.7.2",
				"scheduler": "0.13.4"
			}
		},
		"react-is": {
			"version": "16.8.4",
			"resolved": "https://registry.npmjs.org/react-is/-/react-is-16.8.4.tgz",
			"integrity": "sha512-PVadd+WaUDOAciICm/J1waJaSvgq+4rHE/K70j0PFqKhkTBsPv/82UGQJNXAngz1fOQLLxI6z1sEDmJDQhCTAA==",
			"dev": true
		},
		"react-jss": {
			"version": "10.0.0-alpha.10",
			"resolved": "https://registry.npmjs.org/react-jss/-/react-jss-10.0.0-alpha.10.tgz",
			"integrity": "sha512-L+0xCfMHco82oXj5+grrYnZvsFcA0rC4Ay9+yPhYyGq3MOvdr8Z2/gcN49TSbj87nGbDiimeTqbZcz1leOTbQw==",
			"dev": true,
			"requires": {
				"@babel/runtime": "7.3.4",
				"hoist-non-react-statics": "3.3.0",
				"jss": "10.0.0-alpha.10",
				"jss-preset-default": "10.0.0-alpha.10",
				"prop-types": "15.7.2",
				"theming": "3.1.0",
				"tiny-warning": "1.0.2"
			}
		},
		"react-lifecycles-compat": {
			"version": "3.0.4",
			"resolved": "https://registry.npmjs.org/react-lifecycles-compat/-/react-lifecycles-compat-3.0.4.tgz",
			"integrity": "sha512-fBASbA6LnOU9dOU2eW7aQ8xmYBSXUIWr+UmF9b1efZBazGNO+rcXT/icdKnYm2pTwcRylVUYwW7H1PHfLekVzA==",
			"dev": true
		},
		"react-overlays": {
			"version": "1.2.0",
			"resolved": "https://registry.npmjs.org/react-overlays/-/react-overlays-1.2.0.tgz",
			"integrity": "sha512-i/FCV8wR6aRaI+Kz/dpJhOdyx+ah2tN1RhT9InPrexyC4uzf3N4bNayFTGtUeQVacj57j1Mqh1CwV60/5153Iw==",
			"dev": true,
			"requires": {
				"classnames": "2.2.6",
				"dom-helpers": "3.4.0",
				"prop-types": "15.7.2",
				"prop-types-extra": "1.1.0",
				"react-context-toolbox": "2.0.2",
				"react-popper": "1.3.3",
				"uncontrollable": "6.1.0",
				"warning": "4.0.3"
			}
		},
		"react-popper": {
			"version": "1.3.3",
			"resolved": "https://registry.npmjs.org/react-popper/-/react-popper-1.3.3.tgz",
			"integrity": "sha512-ynMZBPkXONPc5K4P5yFWgZx5JGAUIP3pGGLNs58cfAPgK67olx7fmLp+AdpZ0+GoQ+ieFDa/z4cdV6u7sioH6w==",
			"dev": true,
			"requires": {
				"@babel/runtime": "7.3.4",
				"create-react-context": "0.2.2",
				"popper.js": "1.14.7",
				"prop-types": "15.7.2",
				"typed-styles": "0.0.7",
				"warning": "4.0.3"
			},
			"dependencies": {
				"create-react-context": {
					"version": "0.2.2",
					"resolved": "https://registry.npmjs.org/create-react-context/-/create-react-context-0.2.2.tgz",
					"integrity": "sha512-KkpaLARMhsTsgp0d2NA/R94F/eDLbhXERdIq3LvX2biCAXcDvHYoOqHfWCHf1+OLj+HKBotLG3KqaOOf+C1C+A==",
					"dev": true,
					"requires": {
						"fbjs": "0.8.17",
						"gud": "1.0.0"
					}
				},
				"typed-styles": {
					"version": "0.0.7",
					"resolved": "https://registry.npmjs.org/typed-styles/-/typed-styles-0.0.7.tgz",
					"integrity": "sha512-pzP0PWoZUhsECYjABgCGQlRGL1n7tOHsgwYv3oIiEpJwGhFTuty/YNeduxQYzXXa3Ge5BdT6sHYIQYpl4uJ+5Q==",
					"dev": true
				}
			}
		},
		"react-prop-types": {
			"version": "0.4.0",
			"resolved": "https://registry.npmjs.org/react-prop-types/-/react-prop-types-0.4.0.tgz",
			"integrity": "sha1-+ZsL+0AGkpya8gUefBQUpcdbk9A=",
			"dev": true,
			"requires": {
				"warning": "3.0.0"
			},
			"dependencies": {
				"warning": {
					"version": "3.0.0",
					"resolved": "https://registry.npmjs.org/warning/-/warning-3.0.0.tgz",
					"integrity": "sha1-MuU3fLVy3kqwR1O9+IIcAe1gW3w=",
					"dev": true,
					"requires": {
						"loose-envify": "1.4.0"
					}
				}
			}
		},
		"react-transition-group": {
			"version": "2.6.1",
			"resolved": "https://registry.npmjs.org/react-transition-group/-/react-transition-group-2.6.1.tgz",
			"integrity": "sha512-9DHwCy0aOYEe35frlEN68N9ut/THDQBLnVoQuKTvzF4/s3tk7lqkefCqxK2Nv96fOh6JXk6tQtliygk6tl3bQA==",
			"dev": true,
			"requires": {
				"dom-helpers": "3.4.0",
				"loose-envify": "1.4.0",
				"prop-types": "15.7.2",
				"react-lifecycles-compat": "3.0.4"
			}
		},
		"regenerator-runtime": {
			"version": "0.12.1",
			"resolved": "https://registry.npmjs.org/regenerator-runtime/-/regenerator-runtime-0.12.1.tgz",
			"integrity": "sha512-odxIc1/vDlo4iZcfXqRYFj0vpXFNoGdKMAUieAlFYO6m/nl5e9KR/beGf41z4a1FI+aQgtjhuaSlDxQ0hmkrHg==",
			"dev": true
		},
		"restore-cursor": {
			"version": "2.0.0",
			"resolved": "https://registry.npmjs.org/restore-cursor/-/restore-cursor-2.0.0.tgz",
			"integrity": "sha1-n37ih/gv0ybU/RYpI9YhKe7g368=",
			"dev": true,
			"requires": {
				"onetime": "2.0.1",
				"signal-exit": "3.0.2"
			}
		},
		"safer-buffer": {
			"version": "2.1.2",
			"resolved": "https://registry.npmjs.org/safer-buffer/-/safer-buffer-2.1.2.tgz",
			"integrity": "sha512-YZo3K82SD7Riyi0E1EQPojLz7kpepnSQI9IyPbHHg1XXXevb5dJI7tpyN2ADxGcQbHG7vcyRHk0cbwqcQriUtg==",
			"dev": true
		},
		"scheduler": {
			"version": "0.13.4",
			"resolved": "https://registry.npmjs.org/scheduler/-/scheduler-0.13.4.tgz",
			"integrity": "sha512-cvSOlRPxOHs5dAhP9yiS/6IDmVAVxmk33f0CtTJRkmUWcb1Us+t7b1wqdzoC0REw2muC9V5f1L/w5R5uKGaepA==",
			"dev": true,
			"requires": {
				"loose-envify": "1.4.0",
				"object-assign": "4.1.1"
			}
		},
		"setimmediate": {
			"version": "1.0.5",
			"resolved": "https://registry.npmjs.org/setimmediate/-/setimmediate-1.0.5.tgz",
			"integrity": "sha1-KQy7Iy4waULX1+qbg3Mqt4VvgoU=",
			"dev": true
		},
		"signal-exit": {
			"version": "3.0.2",
			"resolved": "https://registry.npmjs.org/signal-exit/-/signal-exit-3.0.2.tgz",
			"integrity": "sha1-tf3AjxKH6hF4Yo5BXiUTK3NkbG0=",
			"dev": true
		},
		"sparkly": {
			"version": "4.0.0",
			"resolved": "https://registry.npmjs.org/sparkly/-/sparkly-4.0.0.tgz",
			"integrity": "sha512-MsR6itEPqEAajGZXgAFk3aqPaL0/V9AMqJ92omK9fbTrUWN43oIb34La4+H1Z+4geehQOBTSnFNe/yd6KtLqIQ==",
			"dev": true,
			"requires": {
				"chalk": "2.4.2"
			}
		},
		"strip-ansi": {
			"version": "3.0.1",
			"resolved": "https://registry.npmjs.org/strip-ansi/-/strip-ansi-3.0.1.tgz",
			"integrity": "sha1-ajhfuIU9lS1f8F0Oiq+UJ43GPc8=",
			"dev": true,
			"requires": {
				"ansi-regex": "2.1.1"
			}
		},
		"supports-color": {
			"version": "5.5.0",
			"resolved": "https://registry.npmjs.org/supports-color/-/supports-color-5.5.0.tgz",
			"integrity": "sha512-QjVjwdXIt408MIiAqCX4oUKsgU2EqAGzs2Ppkm4aQYbjm+ZEWEcW4SfFNTr4uMNZma0ey4f5lgLrkB0aX0QMow==",
			"dev": true,
			"requires": {
				"has-flag": "3.0.0"
			}
		},
		"symbol-observable": {
			"version": "1.2.0",
			"resolved": "https://registry.npmjs.org/symbol-observable/-/symbol-observable-1.2.0.tgz",
			"integrity": "sha512-e900nM8RRtGhlV36KGEU9k65K3mPb1WV70OdjfxlG2EAuM1noi/E/BaW/uMhL7bPEssK8QV57vN3esixjUvcXQ==",
			"dev": true
		},
		"theming": {
			"version": "3.1.0",
			"resolved": "https://registry.npmjs.org/theming/-/theming-3.1.0.tgz",
			"integrity": "sha512-m9sc0sFbaaFV3P27b2yALQN7837ZNDNxzE0TVy4dc5lHFBhwPrFWnZZdVjrbuxH03d8XMLkqYyG2aJq7I6s5vw==",
			"dev": true,
			"requires": {
				"hoist-non-react-statics": "3.3.0",
				"prop-types": "15.7.2",
				"react-display-name": "0.2.4",
				"tiny-warning": "1.0.2"
			}
		},
		"tiny-warning": {
			"version": "1.0.2",
			"resolved": "https://registry.npmjs.org/tiny-warning/-/tiny-warning-1.0.2.tgz",
			"integrity": "sha512-rru86D9CpQRLvsFG5XFdy0KdLAvjdQDyZCsRcuu60WtzFylDM3eAWSxEVz5kzL2Gp544XiUvPbVKtOA/txLi9Q==",
			"dev": true
		},
		"typed-styles": {
			"version": "0.0.5",
			"resolved": "https://registry.npmjs.org/typed-styles/-/typed-styles-0.0.5.tgz",
			"integrity": "sha512-ht+rEe5UsdEBAa3gr64+QjUOqjOLJfWLvl5HZR5Ev9uo/OnD3p43wPeFSB1hNFc13GXQF/JU1Bn0YHLUqBRIlw==",
			"dev": true
		},
		"ua-parser-js": {
			"version": "0.7.19",
			"resolved": "https://registry.npmjs.org/ua-parser-js/-/ua-parser-js-0.7.19.tgz",
			"integrity": "sha512-T3PVJ6uz8i0HzPxOF9SWzWAlfN/DavlpQqepn22xgve/5QecC+XMCAtmUNnY7C9StehaV6exjUCI801lOI7QlQ==",
			"dev": true
		},
		"uncontrollable": {
			"version": "6.1.0",
			"resolved": "https://registry.npmjs.org/uncontrollable/-/uncontrollable-6.1.0.tgz",
			"integrity": "sha512-2TzEm0pLKauMBZfAZXsgQvLpZHEp95891frCZdGDrSG7dWYaIQhedwLAzi0X8pR8KHNqlmuYEb2cEgbQzr050A==",
			"dev": true,
			"requires": {
				"invariant": "2.2.4"
			}
		},
		"warning": {
			"version": "4.0.3",
			"resolved": "https://registry.npmjs.org/warning/-/warning-4.0.3.tgz",
			"integrity": "sha512-rpJyN222KWIvHJ/F53XSZv0Zl/accqHR8et1kpaMTD/fLCRxtV8iX8czMzY7sVZupTI3zcUTg8eycS2kNF9l6w==",
			"dev": true,
			"requires": {
				"loose-envify": "1.4.0"
			}
		},
		"wcwidth": {
			"version": "1.0.1",
			"resolved": "https://registry.npmjs.org/wcwidth/-/wcwidth-1.0.1.tgz",
			"integrity": "sha1-8LDc+RW8X/FSivrbLA4XtTLaL+g=",
			"dev": true,
			"requires": {
				"defaults": "1.0.3"
			}
		},
		"whatwg-fetch": {
			"version": "3.0.0",
			"resolved": "https://registry.npmjs.org/whatwg-fetch/-/whatwg-fetch-3.0.0.tgz",
			"integrity": "sha512-9GSJUgz1D4MfyKU7KRqwOjXCXTqWdFNvEr7eUBYchQiVc744mqK/MzXPNR2WsPkmkOa4ywfg8C2n8h+13Bey1Q==",
			"dev": true
		},
		"xterm": {
			"version": "3.11.0",
			"resolved": "https://registry.npmjs.org/xterm/-/xterm-3.11.0.tgz",
			"integrity": "sha512-VB9+s2Fhig31pNBkbxPnz+/wdCvxdQ6JQ0HZmWDwpULV8iAggzxoyUonB4FR+WW3lj0LNVb/ZaD64rxbw+HB4A=="
		}
	}
}
