{
	"name": "@dash4/server",
	"version": "0.1.0",
	"lockfileVersion": 1,
	"requires": true,
	"dependencies": {
		"@namics/ts-config": {
			"version": "0.2.0",
			"resolved": "https://registry.npmjs.org/@namics/ts-config/-/ts-config-0.2.0.tgz",
			"integrity": "sha512-qDN5y27jwNPTsIqZMnRc1bUCknV5TPGhQ9xw2j553aBDuuzwKKlctlQcLRuKOhW1VUxMn8OnuPrMrAtvMcw+cA==",
			"dev": true
		},
		"@types/commander": {
			"version": "2.12.2",
			"resolved": "https://registry.npmjs.org/@types/commander/-/commander-2.12.2.tgz",
			"integrity": "sha512-0QEFiR8ljcHp9bAbWxecjVRuAMr16ivPiGOw6KFQBVrVd0RQIcM3xKdRisH2EDWgVWujiYtHwhSkSUoAAGzH7Q==",
			"dev": true,
			"requires": {
				"commander": "2.19.0"
			}
		},
		"@types/events": {
			"version": "3.0.0",
			"resolved": "https://registry.npmjs.org/@types/events/-/events-3.0.0.tgz",
			"integrity": "sha512-EaObqwIvayI5a8dCzhFrjKzVwKLxjoG9T6Ppd5CEo07LRKfQ8Yokw54r5+Wq7FaBQ+yXRvQAYPrHwya1/UFt9g==",
			"dev": true
		},
		"@types/mime-types": {
			"version": "2.1.0",
			"resolved": "https://registry.npmjs.org/@types/mime-types/-/mime-types-2.1.0.tgz",
			"integrity": "sha1-nKUs2jY/aZxpRmwqbM2q2RPqenM=",
			"dev": true
		},
		"@types/node": {
			"version": "11.10.4",
			"resolved": "https://registry.npmjs.org/@types/node/-/node-11.10.4.tgz",
			"integrity": "sha512-wa09itaLE8L705aXd8F80jnFpxz3Y1/KRHfKsYL2bPc0XF+wEWu8sR9n5bmeu8Ba1N9z2GRNzm/YdHcghLkLKg==",
			"dev": true
		},
		"@types/ws": {
			"version": "6.0.1",
			"resolved": "https://registry.npmjs.org/@types/ws/-/ws-6.0.1.tgz",
			"integrity": "sha512-EzH8k1gyZ4xih/MaZTXwT2xOkPiIMSrhQ9b8wrlX88L0T02eYsddatQlwVFlEPyEqV0ChpdpNnE51QPH6NVT4Q==",
			"dev": true,
			"requires": {
				"@types/events": "3.0.0",
				"@types/node": "11.10.4"
			}
		},
		"async-limiter": {
			"version": "1.0.0",
			"resolved": "https://registry.npmjs.org/async-limiter/-/async-limiter-1.0.0.tgz",
			"integrity": "sha512-jp/uFnooOiO+L211eZOoSyzpOITMXx1rBITauYykG3BRYPu8h0UcxsPNB04RR5vo4Tyz3+ay17tR6JVf9qzYWg=="
		},
		"commander": {
			"version": "2.19.0",
			"resolved": "https://registry.npmjs.org/commander/-/commander-2.19.0.tgz",
			"integrity": "sha512-6tvAOO+D6OENvRAh524Dh9jcfKTYDQAqvqezbCW82xj5X0pSrcpxtvRKHLG0yBY6SD7PSDrJaj+0AiOcKVd1Xg=="
		},
		"mime-db": {
			"version": "1.38.0",
			"resolved": "https://registry.npmjs.org/mime-db/-/mime-db-1.38.0.tgz",
			"integrity": "sha512-bqVioMFFzc2awcdJZIzR3HjZFX20QhilVS7hytkKrv7xFAn8bM1gzc/FOX2awLISvWe0PV8ptFKcon+wZ5qYkg=="
		},
		"mime-types": {
			"version": "2.1.22",
			"resolved": "https://registry.npmjs.org/mime-types/-/mime-types-2.1.22.tgz",
			"integrity": "sha512-aGl6TZGnhm/li6F7yx82bJiBZwgiEa4Hf6CNr8YO+r5UHr53tSTYZb102zyU50DOWWKeOv0uQLRL0/9EiKWCog==",
			"requires": {
				"mime-db": "1.38.0"
			}
		},
		"typescript": {
			"version": "3.3.3333",
			"resolved": "https://registry.npmjs.org/typescript/-/typescript-3.3.3333.tgz",
			"integrity": "sha512-JjSKsAfuHBE/fB2oZ8NxtRTk5iGcg6hkYXMnZ3Wc+b2RSqejEqTaem11mHASMnFilHrax3sLK0GDzcJrekZYLw==",
			"dev": true
		},
		"ws": {
			"version": "6.1.4",
			"resolved": "https://registry.npmjs.org/ws/-/ws-6.1.4.tgz",
			"integrity": "sha512-eqZfL+NE/YQc1/ZynhojeV8q+H050oR8AZ2uIev7RU10svA9ZnJUddHcOUZTJLinZ9yEfdA2kSATS2qZK5fhJA==",
			"requires": {
				"async-limiter": "1.0.0"
			}
		}
	}
}
